
Microsoft Visual Studio Solution File, Format Version 11.00
# Visual Studio 2010
Project("{FAE04EC0-301F-11D3-BF4B-00C04F79EFBC}") = "TaskDash", "TaskDash\TaskDash.csproj", "{981B620C-227C-4921-84E7-BCFE660DECE7}"
EndProject
Project("{FAE04EC0-301F-11D3-BF4B-00C04F79EFBC}") = "TaskDash.CustomControls", "TaskDash.Controls\TaskDash.CustomControls.csproj", "{DAA9F4FA-D025-45B1-ACED-0457A7C2583D}"
EndProject
Project("{FAE04EC0-301F-11D3-BF4B-00C04F79EFBC}") = "TaskDash.Core", "TaskDash.Core\TaskDash.Core.csproj", "{D4C3C926-0F0A-48B4-930A-BEA449B96286}"
EndProject
Project("{FAE04EC0-301F-11D3-BF4B-00C04F79EFBC}") = "TaskDashInstallerClasses", "TaskDashInstallerClasses\TaskDashInstallerClasses.csproj", "{4C23F8F0-86CB-4EEF-8570-0578A852DAE8}"
EndProject
Project("{54435603-DBB4-11D2-8724-00A0C9A8B90C}") = "TaskDashInstaller", "TaskDashInstaller\TaskDashInstaller.vdproj", "{BE553C35-C30D-43C8-B6BD-66B969C213BC}"
EndProject
Project("{FAE04EC0-301F-11D3-BF4B-00C04F79EFBC}") = "TaskDash.UserControls", "TaskDash.UserControls\TaskDash.UserControls.csproj", "{51CDE9C3-8CF2-4AF0-A03B-98D279B933DE}"
EndProject
Global
	GlobalSection(SolutionConfigurationPlatforms) = preSolution
		Debug|Any CPU = Debug|Any CPU
		Debug|Mixed Platforms = Debug|Mixed Platforms
		Debug|x86 = Debug|x86
		Release|Any CPU = Release|Any CPU
		Release|Mixed Platforms = Release|Mixed Platforms
		Release|x86 = Release|x86
	EndGlobalSection
	GlobalSection(ProjectConfigurationPlatforms) = postSolution
		{981B620C-227C-4921-84E7-BCFE660DECE7}.Debug|Any CPU.ActiveCfg = Debug|x86
		{981B620C-227C-4921-84E7-BCFE660DECE7}.Debug|Any CPU.Build.0 = Debug|x86
		{981B620C-227C-4921-84E7-BCFE660DECE7}.Debug|Mixed Platforms.ActiveCfg = Debug|x86
		{981B620C-227C-4921-84E7-BCFE660DECE7}.Debug|Mixed Platforms.Build.0 = Debug|x86
		{981B620C-227C-4921-84E7-BCFE660DECE7}.Debug|x86.ActiveCfg = Debug|x86
		{981B620C-227C-4921-84E7-BCFE660DECE7}.Debug|x86.Build.0 = Debug|x86
		{981B620C-227C-4921-84E7-BCFE660DECE7}.Release|Any CPU.ActiveCfg = Release|x86
		{981B620C-227C-4921-84E7-BCFE660DECE7}.Release|Mixed Platforms.ActiveCfg = Release|x86
		{981B620C-227C-4921-84E7-BCFE660DECE7}.Release|Mixed Platforms.Build.0 = Release|x86
		{981B620C-227C-4921-84E7-BCFE660DECE7}.Release|x86.ActiveCfg = Release|x86
		{981B620C-227C-4921-84E7-BCFE660DECE7}.Release|x86.Build.0 = Release|x86
		{DAA9F4FA-D025-45B1-ACED-0457A7C2583D}.Debug|Any CPU.ActiveCfg = Debug|Any CPU
		{DAA9F4FA-D025-45B1-ACED-0457A7C2583D}.Debug|Any CPU.Build.0 = Debug|Any CPU
		{DAA9F4FA-D025-45B1-ACED-0457A7C2583D}.Debug|Mixed Platforms.ActiveCfg = Debug|Any CPU
		{DAA9F4FA-D025-45B1-ACED-0457A7C2583D}.Debug|Mixed Platforms.Build.0 = Debug|Any CPU
		{DAA9F4FA-D025-45B1-ACED-0457A7C2583D}.Debug|x86.ActiveCfg = Debug|Any CPU
		{DAA9F4FA-D025-45B1-ACED-0457A7C2583D}.Release|Any CPU.ActiveCfg = Release|Any CPU
		{DAA9F4FA-D025-45B1-ACED-0457A7C2583D}.Release|Any CPU.Build.0 = Release|Any CPU
		{DAA9F4FA-D025-45B1-ACED-0457A7C2583D}.Release|Mixed Platforms.ActiveCfg = Release|Any CPU
		{DAA9F4FA-D025-45B1-ACED-0457A7C2583D}.Release|Mixed Platforms.Build.0 = Release|Any CPU
		{DAA9F4FA-D025-45B1-ACED-0457A7C2583D}.Release|x86.ActiveCfg = Release|Any CPU
		{D4C3C926-0F0A-48B4-930A-BEA449B96286}.Debug|Any CPU.ActiveCfg = Debug|Any CPU
		{D4C3C926-0F0A-48B4-930A-BEA449B96286}.Debug|Any CPU.Build.0 = Debug|Any CPU
		{D4C3C926-0F0A-48B4-930A-BEA449B96286}.Debug|Mixed Platforms.ActiveCfg = Debug|Any CPU
		{D4C3C926-0F0A-48B4-930A-BEA449B96286}.Debug|Mixed Platforms.Build.0 = Debug|Any CPU
		{D4C3C926-0F0A-48B4-930A-BEA449B96286}.Debug|x86.ActiveCfg = Debug|Any CPU
		{D4C3C926-0F0A-48B4-930A-BEA449B96286}.Release|Any CPU.ActiveCfg = Release|Any CPU
		{D4C3C926-0F0A-48B4-930A-BEA449B96286}.Release|Any CPU.Build.0 = Release|Any CPU
		{D4C3C926-0F0A-48B4-930A-BEA449B96286}.Release|Mixed Platforms.ActiveCfg = Release|Any CPU
		{D4C3C926-0F0A-48B4-930A-BEA449B96286}.Release|Mixed Platforms.Build.0 = Release|Any CPU
		{D4C3C926-0F0A-48B4-930A-BEA449B96286}.Release|x86.ActiveCfg = Release|Any CPU
		{4C23F8F0-86CB-4EEF-8570-0578A852DAE8}.Debug|Any CPU.ActiveCfg = Debug|Any CPU
		{4C23F8F0-86CB-4EEF-8570-0578A852DAE8}.Debug|Any CPU.Build.0 = Debug|Any CPU
		{4C23F8F0-86CB-4EEF-8570-0578A852DAE8}.Debug|Mixed Platforms.ActiveCfg = Debug|Any CPU
		{4C23F8F0-86CB-4EEF-8570-0578A852DAE8}.Debug|x86.ActiveCfg = Debug|Any CPU
		{4C23F8F0-86CB-4EEF-8570-0578A852DAE8}.Release|Any CPU.ActiveCfg = Release|Any CPU
		{4C23F8F0-86CB-4EEF-8570-0578A852DAE8}.Release|Any CPU.Build.0 = Release|Any CPU
		{4C23F8F0-86CB-4EEF-8570-0578A852DAE8}.Release|Mixed Platforms.ActiveCfg = Release|Any CPU
		{4C23F8F0-86CB-4EEF-8570-0578A852DAE8}.Release|Mixed Platforms.Build.0 = Release|Any CPU
		{4C23F8F0-86CB-4EEF-8570-0578A852DAE8}.Release|x86.ActiveCfg = Release|Any CPU
		{BE553C35-C30D-43C8-B6BD-66B969C213BC}.Debug|Any CPU.ActiveCfg = Debug
		{BE553C35-C30D-43C8-B6BD-66B969C213BC}.Debug|Any CPU.Build.0 = Debug
		{BE553C35-C30D-43C8-B6BD-66B969C213BC}.Debug|Mixed Platforms.ActiveCfg = Debug
		{BE553C35-C30D-43C8-B6BD-66B969C213BC}.Debug|x86.ActiveCfg = Debug
		{BE553C35-C30D-43C8-B6BD-66B969C213BC}.Debug|x86.Build.0 = Debug
		{BE553C35-C30D-43C8-B6BD-66B969C213BC}.Release|Any CPU.ActiveCfg = Release
		{BE553C35-C30D-43C8-B6BD-66B969C213BC}.Release|Any CPU.Build.0 = Release
		{BE553C35-C30D-43C8-B6BD-66B969C213BC}.Release|Mixed Platforms.ActiveCfg = Release
		{BE553C35-C30D-43C8-B6BD-66B969C213BC}.Release|Mixed Platforms.Build.0 = Release
		{BE553C35-C30D-43C8-B6BD-66B969C213BC}.Release|x86.ActiveCfg = Release
		{BE553C35-C30D-43C8-B6BD-66B969C213BC}.Release|x86.Build.0 = Release
		{51CDE9C3-8CF2-4AF0-A03B-98D279B933DE}.Debug|Any CPU.ActiveCfg = Debug|Any CPU
		{51CDE9C3-8CF2-4AF0-A03B-98D279B933DE}.Debug|Any CPU.Build.0 = Debug|Any CPU
		{51CDE9C3-8CF2-4AF0-A03B-98D279B933DE}.Debug|Mixed Platforms.ActiveCfg = Debug|Any CPU
		{51CDE9C3-8CF2-4AF0-A03B-98D279B933DE}.Debug|Mixed Platforms.Build.0 = Debug|Any CPU
		{51CDE9C3-8CF2-4AF0-A03B-98D279B933DE}.Debug|x86.ActiveCfg = Debug|Any CPU
		{51CDE9C3-8CF2-4AF0-A03B-98D279B933DE}.Release|Any CPU.ActiveCfg = Release|Any CPU
		{51CDE9C3-8CF2-4AF0-A03B-98D279B933DE}.Release|Any CPU.Build.0 = Release|Any CPU
		{51CDE9C3-8CF2-4AF0-A03B-98D279B933DE}.Release|Mixed Platforms.ActiveCfg = Release|Any CPU
		{51CDE9C3-8CF2-4AF0-A03B-98D279B933DE}.Release|Mixed Platforms.Build.0 = Release|Any CPU
		{51CDE9C3-8CF2-4AF0-A03B-98D279B933DE}.Release|x86.ActiveCfg = Release|Any CPU
	EndGlobalSection
	GlobalSection(SolutionProperties) = preSolution
		HideSolutionNode = FALSE
	EndGlobalSection
EndGlobal
