
Microsoft Visual Studio Solution File, Format Version 11.00
# Visual Studio 2010
Project("{54435603-DBB4-11D2-8724-00A0C9A8B90C}") = "靠䃢顨䃢餐䃢馰䃢駸䃢騌䃢6", "TaskDashInstaller\TaskDashInstaller.vdproj", "{BE553C35-C30D-43C8-B6BD-66B969C213BC}"
EndProject
Project("{FAE04EC0-301F-11D3-BF4B-00C04F79EFBC}") = "TaskDash.UserControls", "TaskDash.UserControls\TaskDash.UserControls.csproj", "{51CDE9C3-8CF2-4AF0-A03B-98D279B933DE}"
EndProject
Global
	GlobalSection(SolutionConfigurationPlatforms) = preSolution
		Debug|Any CPU = Debug|Any CPU
		Debug|Mixed Platforms = Debug|Mixed Platforms
		Debug|x86 = Debug|x86
		Release|Any CPU = Release|Any CPU
		Release|Mixed Platforms = Release|Mixed Platforms
		Release|x86 = Release|x86
	EndGlobalSection
	GlobalSection(ProjectConfigurationPlatforms) = postSolution
		{BE553C35-C30D-43C8-B6BD-66B969C213BC}.Debug|Any CPU.ActiveCfg = Debug
		{BE553C35-C30D-43C8-B6BD-66B969C213BC}.Debug|Any CPU.Build.0 = Debug
		{BE553C35-C30D-43C8-B6BD-66B969C213BC}.Debug|Mixed Platforms.ActiveCfg = Debug
		{BE553C35-C30D-43C8-B6BD-66B969C213BC}.Debug|x86.ActiveCfg = Debug
		{BE553C35-C30D-43C8-B6BD-66B969C213BC}.Debug|x86.Build.0 = Debug
		{BE553C35-C30D-43C8-B6BD-66B969C213BC}.Release|Any CPU.ActiveCfg = Release
		{BE553C35-C30D-43C8-B6BD-66B969C213BC}.Release|Any CPU.Build.0 = Release
		{BE553C35-C30D-43C8-B6BD-66B969C213BC}.Release|Mixed Platforms.ActiveCfg = Release
		{BE553C35-C30D-43C8-B6BD-66B969C213BC}.Release|Mixed Platforms.Build.0 = Release
		{BE553C35-C30D-43C8-B6BD-66B969C213BC}.Release|x86.ActiveCfg = Release
		{BE553C35-C30D-43C8-B6BD-66B969C213BC}.Release|x86.Build.0 = Release
		{51CDE9C3-8CF2-4AF0-A03B-98D279B933DE}.Debug|Any CPU.ActiveCfg = Debug|Any CPU
		{51CDE9C3-8CF2-4AF0-A03B-98D279B933DE}.Debug|Any CPU.Build.0 = Debug|Any CPU
		{51CDE9C3-8CF2-4AF0-A03B-98D279B933DE}.Debug|Mixed Platforms.ActiveCfg = Debug|Any CPU
		{51CDE9C3-8CF2-4AF0-A03B-98D279B933DE}.Debug|Mixed Platforms.Build.0 = Debug|Any CPU
		{51CDE9C3-8CF2-4AF0-A03B-98D279B933DE}.Debug|x86.ActiveCfg = Debug|Any CPU
		{51CDE9C3-8CF2-4AF0-A03B-98D279B933DE}.Release|Any CPU.ActiveCfg = Release|Any CPU
		{51CDE9C3-8CF2-4AF0-A03B-98D279B933DE}.Release|Any CPU.Build.0 = Release|Any CPU
		{51CDE9C3-8CF2-4AF0-A03B-98D279B933DE}.Release|Mixed Platforms.ActiveCfg = Release|Any CPU
		{51CDE9C3-8CF2-4AF0-A03B-98D279B933DE}.Release|Mixed Platforms.Build.0 = Release|Any CPU
		{51CDE9C3-8CF2-4AF0-A03B-98D279B933DE}.Release|x86.ActiveCfg = Release|Any CPU
	EndGlobalSection
	GlobalSection(SolutionProperties) = preSolution
		HideSolutionNode = FALSE
	EndGlobalSection
EndGlobal
